
Microsoft Visual Studio Solution File, Format Version 12.00
# Visual Studio Version 16
VisualStudioVersion = 16.0.29519.87
MinimumVisualStudioVersion = 10.0.40219.1
Project("{FAE04EC0-301F-11D3-BF4B-00C04F79EFBC}") = "RaporService", "RaporService\RaporService.csproj", "{CCB14708-6194-4F93-84E0-58BFF24098E9}"
EndProject
Global
	GlobalSection(SolutionConfigurationPlatforms) = preSolution
		Debug|Any CPU = Debug|Any CPU
		Release|Any CPU = Release|Any CPU
	EndGlobalSection
	GlobalSection(ProjectConfigurationPlatforms) = postSolution
		{CCB14708-6194-4F93-84E0-58BFF24098E9}.Debug|Any CPU.ActiveCfg = Debug|Any CPU
		{CCB14708-6194-4F93-84E0-58BFF24098E9}.Debug|Any CPU.Build.0 = Debug|Any CPU
		{CCB14708-6194-4F93-84E0-58BFF24098E9}.Release|Any CPU.ActiveCfg = Release|Any CPU
		{CCB14708-6194-4F93-84E0-58BFF24098E9}.Release|Any CPU.Build.0 = Release|Any CPU
	EndGlobalSection
	GlobalSection(SolutionProperties) = preSolution
		HideSolutionNode = FALSE
	EndGlobalSection
	GlobalSection(ExtensibilityGlobals) = postSolution
		SolutionGuid = {5EFE9162-3FC9-4DE8-A3B0-482D961B95A7}
	EndGlobalSection
EndGlobal
